// !$*UTF8*$!
{
	archiveVersion = 1;
	classes = {
	};
	objectVersion = 50;
	objects = {

/* Begin PBXBuildFile section */
		EBDFDBC52649F8870036180D /* AppDelegate.swift in Sources */ = {isa = PBXBuildFile; fileRef = EBDFDBC42649F8870036180D /* AppDelegate.swift */; };
		EBDFDBC72649F8870036180D /* SceneDelegate.swift in Sources */ = {isa = PBXBuildFile; fileRef = EBDFDBC62649F8870036180D /* SceneDelegate.swift */; };
		EBDFDBCC2649F8870036180D /* Main.storyboard in Resources */ = {isa = PBXBuildFile; fileRef = EBDFDBCA2649F8870036180D /* Main.storyboard */; };
		EBDFDBCE2649F88A0036180D /* Assets.xcassets in Resources */ = {isa = PBXBuildFile; fileRef = EBDFDBCD2649F88A0036180D /* Assets.xcassets */; };
		EBDFDBD12649F88A0036180D /* LaunchScreen.storyboard in Resources */ = {isa = PBXBuildFile; fileRef = EBDFDBCF2649F88A0036180D /* LaunchScreen.storyboard */; };
		EBDFDBD92649FC590036180D /* KeyboardViewController.swift in Sources */ = {isa = PBXBuildFile; fileRef = EBDFDBD82649FC590036180D /* KeyboardViewController.swift */; };
		EBDFDBDB264A05490036180D /* FormTableViewController.swift in Sources */ = {isa = PBXBuildFile; fileRef = EBDFDBDA264A05490036180D /* FormTableViewController.swift */; };
		EBDFDBDD264A072F0036180D /* SocialTableViewController.swift in Sources */ = {isa = PBXBuildFile; fileRef = EBDFDBDC264A072F0036180D /* SocialTableViewController.swift */; };
		EBDFDBE0264A07C80036180D /* PostTableViewCell.swift in Sources */ = {isa = PBXBuildFile; fileRef = EBDFDBDE264A07C80036180D /* PostTableViewCell.swift */; };
		EBDFDBE1264A07C80036180D /* PostTableViewCell.xib in Resources */ = {isa = PBXBuildFile; fileRef = EBDFDBDF264A07C80036180D /* PostTableViewCell.xib */; };
/* End PBXBuildFile section */

/* Begin PBXFileReference section */
		EBDFDBC12649F8870036180D /* SocialNetwork.app */ = {isa = PBXFileReference; explicitFileType = wrapper.application; includeInIndex = 0; path = SocialNetwork.app; sourceTree = BUILT_PRODUCTS_DIR; };
		EBDFDBC42649F8870036180D /* AppDelegate.swift */ = {isa = PBXFileReference; lastKnownFileType = sourcecode.swift; path = AppDelegate.swift; sourceTree = "<group>"; };
		EBDFDBC62649F8870036180D /* SceneDelegate.swift */ = {isa = PBXFileReference; lastKnownFileType = sourcecode.swift; path = SceneDelegate.swift; sourceTree = "<group>"; };
		EBDFDBCB2649F8870036180D /* Base */ = {isa = PBXFileReference; lastKnownFileType = file.storyboard; name = Base; path = Base.lproj/Main.storyboard; sourceTree = "<group>"; };
		EBDFDBCD2649F88A0036180D /* Assets.xcassets */ = {isa = PBXFileReference; lastKnownFileType = folder.assetcatalog; path = Assets.xcassets; sourceTree = "<group>"; };
		EBDFDBD02649F88A0036180D /* Base */ = {isa = PBXFileReference; lastKnownFileType = file.storyboard; name = Base; path = Base.lproj/LaunchScreen.storyboard; sourceTree = "<group>"; };
		EBDFDBD22649F88A0036180D /* Info.plist */ = {isa = PBXFileReference; lastKnownFileType = text.plist.xml; path = Info.plist; sourceTree = "<group>"; };
		EBDFDBD82649FC590036180D /* KeyboardViewController.swift */ = {isa = PBXFileReference; lastKnownFileType = sourcecode.swift; path = KeyboardViewController.swift; sourceTree = "<group>"; };
		EBDFDBDA264A05490036180D /* FormTableViewController.swift */ = {isa = PBXFileReference; lastKnownFileType = sourcecode.swift; path = FormTableViewController.swift; sourceTree = "<group>"; };
		EBDFDBDC264A072F0036180D /* SocialTableViewController.swift */ = {isa = PBXFileReference; lastKnownFileType = sourcecode.swift; path = SocialTableViewController.swift; sourceTree = "<group>"; };
		EBDFDBDE264A07C80036180D /* PostTableViewCell.swift */ = {isa = PBXFileReference; lastKnownFileType = sourcecode.swift; path = PostTableViewCell.swift; sourceTree = "<group>"; };
		EBDFDBDF264A07C80036180D /* PostTableViewCell.xib */ = {isa = PBXFileReference; lastKnownFileType = file.xib; path = PostTableViewCell.xib; sourceTree = "<group>"; };
/* End PBXFileReference section */

/* Begin PBXFrameworksBuildPhase section */
		EBDFDBBE2649F8870036180D /* Frameworks */ = {
			isa = PBXFrameworksBuildPhase;
			buildActionMask = 2147483647;
			files = (
			);
			runOnlyForDeploymentPostprocessing = 0;
		};
/* End PBXFrameworksBuildPhase section */

/* Begin PBXGroup section */
		EBDFDBB82649F8870036180D = {
			isa = PBXGroup;
			children = (
				EBDFDBC32649F8870036180D /* SocialNetwork */,
				EBDFDBC22649F8870036180D /* Products */,
			);
			sourceTree = "<group>";
		};
		EBDFDBC22649F8870036180D /* Products */ = {
			isa = PBXGroup;
			children = (
				EBDFDBC12649F8870036180D /* SocialNetwork.app */,
			);
			name = Products;
			sourceTree = "<group>";
		};
		EBDFDBC32649F8870036180D /* SocialNetwork */ = {
			isa = PBXGroup;
			children = (
				EBDFDBC42649F8870036180D /* AppDelegate.swift */,
				EBDFDBC62649F8870036180D /* SceneDelegate.swift */,
				EBDFDBCA2649F8870036180D /* Main.storyboard */,
				EBDFDBCD2649F88A0036180D /* Assets.xcassets */,
				EBDFDBCF2649F88A0036180D /* LaunchScreen.storyboard */,
				EBDFDBD22649F88A0036180D /* Info.plist */,
				EBDFDBD82649FC590036180D /* KeyboardViewController.swift */,
				EBDFDBDA264A05490036180D /* FormTableViewController.swift */,
				EBDFDBDC264A072F0036180D /* SocialTableViewController.swift */,
				EBDFDBDE264A07C80036180D /* PostTableViewCell.swift */,
				EBDFDBDF264A07C80036180D /* PostTableViewCell.xib */,
			);
			path = SocialNetwork;
			sourceTree = "<group>";
		};
/* End PBXGroup section */

/* Begin PBXNativeTarget section */
		EBDFDBC02649F8870036180D /* SocialNetwork */ = {
			isa = PBXNativeTarget;
			buildConfigurationList = EBDFDBD52649F88A0036180D /* Build configuration list for PBXNativeTarget "SocialNetwork" */;
			buildPhases = (
				EBDFDBBD2649F8870036180D /* Sources */,
				EBDFDBBE2649F8870036180D /* Frameworks */,
				EBDFDBBF2649F8870036180D /* Resources */,
			);
			buildRules = (
			);
			dependencies = (
			);
			name = SocialNetwork;
			productName = SocialNetwork;
			productReference = EBDFDBC12649F8870036180D /* SocialNetwork.app */;
			productType = "com.apple.product-type.application";
		};
/* End PBXNativeTarget section */

/* Begin PBXProject section */
		EBDFDBB92649F8870036180D /* Project object */ = {
			isa = PBXProject;
			attributes = {
				LastSwiftUpdateCheck = 1250;
				LastUpgradeCheck = 1250;
				TargetAttributes = {
					EBDFDBC02649F8870036180D = {
						CreatedOnToolsVersion = 12.5;
					};
				};
			};
			buildConfigurationList = EBDFDBBC2649F8870036180D /* Build configuration list for PBXProject "SocialNetwork" */;
			compatibilityVersion = "Xcode 9.3";
			developmentRegion = en;
			hasScannedForEncodings = 0;
			knownRegions = (
				en,
				Base,
			);
			mainGroup = EBDFDBB82649F8870036180D;
			productRefGroup = EBDFDBC22649F8870036180D /* Products */;
			projectDirPath = "";
			projectRoot = "";
			targets = (
				EBDFDBC02649F8870036180D /* SocialNetwork */,
			);
		};
/* End PBXProject section */

/* Begin PBXResourcesBuildPhase section */
		EBDFDBBF2649F8870036180D /* Resources */ = {
			isa = PBXResourcesBuildPhase;
			buildActionMask = 2147483647;
			files = (
				EBDFDBD12649F88A0036180D /* LaunchScreen.storyboard in Resources */,
				EBDFDBCE2649F88A0036180D /* Assets.xcassets in Resources */,
				EBDFDBCC2649F8870036180D /* Main.storyboard in Resources */,
				EBDFDBE1264A07C80036180D /* PostTableViewCell.xib in Resources */,
			);
			runOnlyForDeploymentPostprocessing = 0;
		};
/* End PBXResourcesBuildPhase section */

/* Begin PBXSourcesBuildPhase section */
		EBDFDBBD2649F8870036180D /* Sources */ = {
			isa = PBXSourcesBuildPhase;
			buildActionMask = 2147483647;
			files = (
				EBDFDBDD264A072F0036180D /* SocialTableViewController.swift in Sources */,
				EBDFDBC52649F8870036180D /* AppDelegate.swift in Sources */,
				EBDFDBD92649FC590036180D /* KeyboardViewController.swift in Sources */,
				EBDFDBC72649F8870036180D /* SceneDelegate.swift in Sources */,
				EBDFDBDB264A05490036180D /* FormTableViewController.swift in Sources */,
				EBDFDBE0264A07C80036180D /* PostTableViewCell.swift in Sources */,
			);
			runOnlyForDeploymentPostprocessing = 0;
		};
/* End PBXSourcesBuildPhase section */

/* Begin PBXVariantGroup section */
		EBDFDBCA2649F8870036180D /* Main.storyboard */ = {
			isa = PBXVariantGroup;
			children = (
				EBDFDBCB2649F8870036180D /* Base */,
			);
			name = Main.storyboard;
			sourceTree = "<group>";
		};
		EBDFDBCF2649F88A0036180D /* LaunchScreen.storyboard */ = {
			isa = PBXVariantGroup;
			children = (
				EBDFDBD02649F88A0036180D /* Base */,
			);
			name = LaunchScreen.storyboard;
			sourceTree = "<group>";
		};
/* End PBXVariantGroup section */

/* Begin XCBuildConfiguration section */
		EBDFDBD32649F88A0036180D /* Debug */ = {
			isa = XCBuildConfiguration;
			buildSettings = {
				ALWAYS_SEARCH_USER_PATHS = NO;
				CLANG_ANALYZER_NONNULL = YES;
				CLANG_ANALYZER_NUMBER_OBJECT_CONVERSION = YES_AGGRESSIVE;
				CLANG_CXX_LANGUAGE_STANDARD = "gnu++14";
				CLANG_CXX_LIBRARY = "libc++";
				CLANG_ENABLE_MODULES = YES;
				CLANG_ENABLE_OBJC_ARC = YES;
				CLANG_ENABLE_OBJC_WEAK = YES;
				CLANG_WARN_BLOCK_CAPTURE_AUTORELEASING = YES;
				CLANG_WARN_BOOL_CONVERSION = YES;
				CLANG_WARN_COMMA = YES;
				CLANG_WARN_CONSTANT_CONVERSION = YES;
				CLANG_WARN_DEPRECATED_OBJC_IMPLEMENTATIONS = YES;
				CLANG_WARN_DIRECT_OBJC_ISA_USAGE = YES_ERROR;
				CLANG_WARN_DOCUMENTATION_COMMENTS = YES;
				CLANG_WARN_EMPTY_BODY = YES;
				CLANG_WARN_ENUM_CONVERSION = YES;
				CLANG_WARN_INFINITE_RECURSION = YES;
				CLANG_WARN_INT_CONVERSION = YES;
				CLANG_WARN_NON_LITERAL_NULL_CONVERSION = YES;
				CLANG_WARN_OBJC_IMPLICIT_RETAIN_SELF = YES;
				CLANG_WARN_OBJC_LITERAL_CONVERSION = YES;
				CLANG_WARN_OBJC_ROOT_CLASS = YES_ERROR;
				CLANG_WARN_QUOTED_INCLUDE_IN_FRAMEWORK_HEADER = YES;
				CLANG_WARN_RANGE_LOOP_ANALYSIS = YES;
				CLANG_WARN_STRICT_PROTOTYPES = YES;
				CLANG_WARN_SUSPICIOUS_MOVE = YES;
				CLANG_WARN_UNGUARDED_AVAILABILITY = YES_AGGRESSIVE;
				CLANG_WARN_UNREACHABLE_CODE = YES;
				CLANG_WARN__DUPLICATE_METHOD_MATCH = YES;
				COPY_PHASE_STRIP = NO;
				DEBUG_INFORMATION_FORMAT = dwarf;
				ENABLE_STRICT_OBJC_MSGSEND = YES;
				ENABLE_TESTABILITY = YES;
				GCC_C_LANGUAGE_STANDARD = gnu11;
				GCC_DYNAMIC_NO_PIC = NO;
				GCC_NO_COMMON_BLOCKS = YES;
				GCC_OPTIMIZATION_LEVEL = 0;
				GCC_PREPROCESSOR_DEFINITIONS = (
					"DEBUG=1",
					"$(inherited)",
				);
				GCC_WARN_64_TO_32_BIT_CONVERSION = YES;
				GCC_WARN_ABOUT_RETURN_TYPE = YES_ERROR;
				GCC_WARN_UNDECLARED_SELECTOR = YES;
				GCC_WARN_UNINITIALIZED_AUTOS = YES_AGGRESSIVE;
				GCC_WARN_UNUSED_FUNCTION = YES;
				GCC_WARN_UNUSED_VARIABLE = YES;
				IPHONEOS_DEPLOYMENT_TARGET = 14.5;
				MTL_ENABLE_DEBUG_INFO = INCLUDE_SOURCE;
				MTL_FAST_MATH = YES;
				ONLY_ACTIVE_ARCH = YES;
				SDKROOT = iphoneos;
				SWIFT_ACTIVE_COMPILATION_CONDITIONS = DEBUG;
				SWIFT_OPTIMIZATION_LEVEL = "-Onone";
			};
			name = Debug;
		};
		EBDFDBD42649F88A0036180D /* Release */ = {
			isa = XCBuildConfiguration;
			buildSettings = {
				ALWAYS_SEARCH_USER_PATHS = NO;
				CLANG_ANALYZER_NONNULL = YES;
				CLANG_ANALYZER_NUMBER_OBJECT_CONVERSION = YES_AGGRESSIVE;
				CLANG_CXX_LANGUAGE_STANDARD = "gnu++14";
				CLANG_CXX_LIBRARY = "libc++";
				CLANG_ENABLE_MODULES = YES;
				CLANG_ENABLE_OBJC_ARC = YES;
				CLANG_ENABLE_OBJC_WEAK = YES;
				CLANG_WARN_BLOCK_CAPTURE_AUTORELEASING = YES;
				CLANG_WARN_BOOL_CONVERSION = YES;
				CLANG_WARN_COMMA = YES;
				CLANG_WARN_CONSTANT_CONVERSION = YES;
				CLANG_WARN_DEPRECATED_OBJC_IMPLEMENTATIONS = YES;
				CLANG_WARN_DIRECT_OBJC_ISA_USAGE = YES_ERROR;
				CLANG_WARN_DOCUMENTATION_COMMENTS = YES;
				CLANG_WARN_EMPTY_BODY = YES;
				CLANG_WARN_ENUM_CONVERSION = YES;
				CLANG_WARN_INFINITE_RECURSION = YES;
				CLANG_WARN_INT_CONVERSION = YES;
				CLANG_WARN_NON_LITERAL_NULL_CONVERSION = YES;
				CLANG_WARN_OBJC_IMPLICIT_RETAIN_SELF = YES;
				CLANG_WARN_OBJC_LITERAL_CONVERSION = YES;
				CLANG_WARN_OBJC_ROOT_CLASS = YES_ERROR;
				CLANG_WARN_QUOTED_INCLUDE_IN_FRAMEWORK_HEADER = YES;
				CLANG_WARN_RANGE_LOOP_ANALYSIS = YES;
				CLANG_WARN_STRICT_PROTOTYPES = YES;
				CLANG_WARN_SUSPICIOUS_MOVE = YES;
				CLANG_WARN_UNGUARDED_AVAILABILITY = YES_AGGRESSIVE;
				CLANG_WARN_UNREACHABLE_CODE = YES;
				CLANG_WARN__DUPLICATE_METHOD_MATCH = YES;
				COPY_PHASE_STRIP = NO;
				DEBUG_INFORMATION_FORMAT = "dwarf-with-dsym";
				ENABLE_NS_ASSERTIONS = NO;
				ENABLE_STRICT_OBJC_MSGSEND = YES;
				GCC_C_LANGUAGE_STANDARD = gnu11;
				GCC_NO_COMMON_BLOCKS = YES;
				GCC_WARN_64_TO_32_BIT_CONVERSION = YES;
				GCC_WARN_ABOUT_RETURN_TYPE = YES_ERROR;
				GCC_WARN_UNDECLARED_SELECTOR = YES;
				GCC_WARN_UNINITIALIZED_AUTOS = YES_AGGRESSIVE;
				GCC_WARN_UNUSED_FUNCTION = YES;
				GCC_WARN_UNUSED_VARIABLE = YES;
				IPHONEOS_DEPLOYMENT_TARGET = 14.5;
				MTL_ENABLE_DEBUG_INFO = NO;
				MTL_FAST_MATH = YES;
				SDKROOT = iphoneos;
				SWIFT_COMPILATION_MODE = wholemodule;
				SWIFT_OPTIMIZATION_LEVEL = "-O";
				VALIDATE_PRODUCT = YES;
			};
			name = Release;
		};
		EBDFDBD62649F88A0036180D /* Debug */ = {
			isa = XCBuildConfiguration;
			buildSettings = {
				ASSETCATALOG_COMPILER_APPICON_NAME = AppIcon;
				ASSETCATALOG_COMPILER_GLOBAL_ACCENT_COLOR_NAME = AccentColor;
				CODE_SIGN_STYLE = Automatic;
				DEVELOPMENT_TEAM = RRNNBMBSXJ;
				INFOPLIST_FILE = SocialNetwork/Info.plist;
				LD_RUNPATH_SEARCH_PATHS = (
					"$(inherited)",
					"@executable_path/Frameworks",
				);
				PRODUCT_BUNDLE_IDENTIFIER = "br.iesb.2019-2.SocialNetwork";
				PRODUCT_NAME = "$(TARGET_NAME)";
				SWIFT_VERSION = 5.0;
				TARGETED_DEVICE_FAMILY = "1,2";
			};
			name = Debug;
		};
		EBDFDBD72649F88A0036180D /* Release */ = {
			isa = XCBuildConfiguration;
			buildSettings = {
				ASSETCATALOG_COMPILER_APPICON_NAME = AppIcon;
				ASSETCATALOG_COMPILER_GLOBAL_ACCENT_COLOR_NAME = AccentColor;
				CODE_SIGN_STYLE = Automatic;
				DEVELOPMENT_TEAM = RRNNBMBSXJ;
				INFOPLIST_FILE = SocialNetwork/Info.plist;
				LD_RUNPATH_SEARCH_PATHS = (
					"$(inherited)",
					"@executable_path/Frameworks",
				);
				PRODUCT_BUNDLE_IDENTIFIER = "br.iesb.2019-2.SocialNetwork";
				PRODUCT_NAME = "$(TARGET_NAME)";
				SWIFT_VERSION = 5.0;
				TARGETED_DEVICE_FAMILY = "1,2";
			};
			name = Release;
		};
/* End XCBuildConfiguration section */

/* Begin XCConfigurationList section */
		EBDFDBBC2649F8870036180D /* Build configuration list for PBXProject "SocialNetwork" */ = {
			isa = XCConfigurationList;
			buildConfigurations = (
				EBDFDBD32649F88A0036180D /* Debug */,
				EBDFDBD42649F88A0036180D /* Release */,
			);
			defaultConfigurationIsVisible = 0;
			defaultConfigurationName = Release;
		};
		EBDFDBD52649F88A0036180D /* Build configuration list for PBXNativeTarget "SocialNetwork" */ = {
			isa = XCConfigurationList;
			buildConfigurations = (
				EBDFDBD62649F88A0036180D /* Debug */,
				EBDFDBD72649F88A0036180D /* Release */,
			);
			defaultConfigurationIsVisible = 0;
			defaultConfigurationName = Release;
		};
/* End XCConfigurationList section */
	};
	rootObject = EBDFDBB92649F8870036180D /* Project object */;
}
